// !$*UTF8*$!
{
	archiveVersion = 1;
	classes = {
	};
	objectVersion = 56;
	objects = {

/* Begin PBXBuildFile section */
		0EE911652C34F3FE0048615F /* AppDelegate.swift in Sources */ = {isa = PBXBuildFile; fileRef = 0EE911642C34F3FE0048615F /* AppDelegate.swift */; };
		0EE911672C34F3FE0048615F /* SceneDelegate.swift in Sources */ = {isa = PBXBuildFile; fileRef = 0EE911662C34F3FE0048615F /* SceneDelegate.swift */; };
		0EE911692C34F3FE0048615F /* ViewController.swift in Sources */ = {isa = PBXBuildFile; fileRef = 0EE911682C34F3FE0048615F /* ViewController.swift */; };
		0EE9116E2C34F4000048615F /* Assets.xcassets in Resources */ = {isa = PBXBuildFile; fileRef = 0EE9116D2C34F4000048615F /* Assets.xcassets */; };
		0EE911712C34F4000048615F /* LaunchScreen.storyboard in Resources */ = {isa = PBXBuildFile; fileRef = 0EE9116F2C34F4000048615F /* LaunchScreen.storyboard */; };
		0EE9117A2C34F42C0048615F /* Utils+UIColor.swift in Sources */ = {isa = PBXBuildFile; fileRef = 0EE911792C34F42C0048615F /* Utils+UIColor.swift */; };
		0EE9117C2C34F4380048615F /* HistoryViewController.swift in Sources */ = {isa = PBXBuildFile; fileRef = 0EE9117B2C34F4380048615F /* HistoryViewController.swift */; };
		0EE9117F2C34F44F0048615F /* VisitHistoryWebView in Frameworks */ = {isa = PBXBuildFile; productRef = 0EE9117E2C34F44F0048615F /* VisitHistoryWebView */; };
		0EE911822C34F45A0048615F /* Then in Frameworks */ = {isa = PBXBuildFile; productRef = 0EE911812C34F45A0048615F /* Then */; };
		0EE911852C34F4650048615F /* SnapKit in Frameworks */ = {isa = PBXBuildFile; productRef = 0EE911842C34F4650048615F /* SnapKit */; };
/* End PBXBuildFile section */

/* Begin PBXFileReference section */
		0EE911612C34F3FE0048615F /* JunNote.app */ = {isa = PBXFileReference; explicitFileType = wrapper.application; includeInIndex = 0; path = JunNote.app; sourceTree = BUILT_PRODUCTS_DIR; };
		0EE911642C34F3FE0048615F /* AppDelegate.swift */ = {isa = PBXFileReference; lastKnownFileType = sourcecode.swift; path = AppDelegate.swift; sourceTree = "<group>"; };
		0EE911662C34F3FE0048615F /* SceneDelegate.swift */ = {isa = PBXFileReference; lastKnownFileType = sourcecode.swift; path = SceneDelegate.swift; sourceTree = "<group>"; };
		0EE911682C34F3FE0048615F /* ViewController.swift */ = {isa = PBXFileReference; lastKnownFileType = sourcecode.swift; path = ViewController.swift; sourceTree = "<group>"; };
		0EE9116D2C34F4000048615F /* Assets.xcassets */ = {isa = PBXFileReference; lastKnownFileType = folder.assetcatalog; path = Assets.xcassets; sourceTree = "<group>"; };
		0EE911702C34F4000048615F /* Base */ = {isa = PBXFileReference; lastKnownFileType = file.storyboard; name = Base; path = Base.lproj/LaunchScreen.storyboard; sourceTree = "<group>"; };
		0EE911722C34F4000048615F /* Info.plist */ = {isa = PBXFileReference; lastKnownFileType = text.plist.xml; path = Info.plist; sourceTree = "<group>"; };
		0EE911792C34F42C0048615F /* Utils+UIColor.swift */ = {isa = PBXFileReference; lastKnownFileType = sourcecode.swift; path = "Utils+UIColor.swift"; sourceTree = "<group>"; };
		0EE9117B2C34F4380048615F /* HistoryViewController.swift */ = {isa = PBXFileReference; lastKnownFileType = sourcecode.swift; path = HistoryViewController.swift; sourceTree = "<group>"; };
/* End PBXFileReference section */

/* Begin PBXFrameworksBuildPhase section */
		0EE9115E2C34F3FE0048615F /* Frameworks */ = {
			isa = PBXFrameworksBuildPhase;
			buildActionMask = 2147483647;
			files = (
				0EE911852C34F4650048615F /* SnapKit in Frameworks */,
				0EE9117F2C34F44F0048615F /* VisitHistoryWebView in Frameworks */,
				0EE911822C34F45A0048615F /* Then in Frameworks */,
			);
			runOnlyForDeploymentPostprocessing = 0;
		};
/* End PBXFrameworksBuildPhase section */

/* Begin PBXGroup section */
		0EE911582C34F3FE0048615F = {
			isa = PBXGroup;
			children = (
				0EE911632C34F3FE0048615F /* JunNote */,
				0EE911622C34F3FE0048615F /* Products */,
			);
			sourceTree = "<group>";
		};
		0EE911622C34F3FE0048615F /* Products */ = {
			isa = PBXGroup;
			children = (
				0EE911612C34F3FE0048615F /* JunNote.app */,
			);
			name = Products;
			sourceTree = "<group>";
		};
		0EE911632C34F3FE0048615F /* JunNote */ = {
			isa = PBXGroup;
			children = (
				0EE911782C34F4250048615F /* Utils */,
				0EE911642C34F3FE0048615F /* AppDelegate.swift */,
				0EE911662C34F3FE0048615F /* SceneDelegate.swift */,
				0EE911682C34F3FE0048615F /* ViewController.swift */,
				0EE9117B2C34F4380048615F /* HistoryViewController.swift */,
				0EE9116D2C34F4000048615F /* Assets.xcassets */,
				0EE9116F2C34F4000048615F /* LaunchScreen.storyboard */,
				0EE911722C34F4000048615F /* Info.plist */,
			);
			path = JunNote;
			sourceTree = "<group>";
		};
		0EE911782C34F4250048615F /* Utils */ = {
			isa = PBXGroup;
			children = (
				0EE911792C34F42C0048615F /* Utils+UIColor.swift */,
			);
			path = Utils;
			sourceTree = "<group>";
		};
/* End PBXGroup section */

/* Begin PBXNativeTarget section */
		0EE911602C34F3FE0048615F /* JunNote */ = {
			isa = PBXNativeTarget;
			buildConfigurationList = 0EE911752C34F4000048615F /* Build configuration list for PBXNativeTarget "JunNote" */;
			buildPhases = (
				0EE9115D2C34F3FE0048615F /* Sources */,
				0EE9115E2C34F3FE0048615F /* Frameworks */,
				0EE9115F2C34F3FE0048615F /* Resources */,
			);
			buildRules = (
			);
			dependencies = (
			);
			name = JunNote;
			packageProductDependencies = (
				0EE9117E2C34F44F0048615F /* VisitHistoryWebView */,
				0EE911812C34F45A0048615F /* Then */,
				0EE911842C34F4650048615F /* SnapKit */,
			);
			productName = JunNote;
			productReference = 0EE911612C34F3FE0048615F /* JunNote.app */;
			productType = "com.apple.product-type.application";
		};
/* End PBXNativeTarget section */

/* Begin PBXProject section */
		0EE911592C34F3FE0048615F /* Project object */ = {
			isa = PBXProject;
			attributes = {
				BuildIndependentTargetsInParallel = 1;
				LastSwiftUpdateCheck = 1500;
				LastUpgradeCheck = 1500;
				TargetAttributes = {
					0EE911602C34F3FE0048615F = {
						CreatedOnToolsVersion = 15.0.1;
					};
				};
			};
			buildConfigurationList = 0EE9115C2C34F3FE0048615F /* Build configuration list for PBXProject "JunNote" */;
			compatibilityVersion = "Xcode 14.0";
			developmentRegion = en;
			hasScannedForEncodings = 0;
			knownRegions = (
				en,
				Base,
			);
			mainGroup = 0EE911582C34F3FE0048615F;
			packageReferences = (
				0EE9117D2C34F44E0048615F /* XCRemoteSwiftPackageReference "VisitHistoryWebView" */,
				0EE911802C34F45A0048615F /* XCRemoteSwiftPackageReference "Then" */,
				0EE911832C34F4650048615F /* XCRemoteSwiftPackageReference "SnapKit" */,
			);
			productRefGroup = 0EE911622C34F3FE0048615F /* Products */;
			projectDirPath = "";
			projectRoot = "";
			targets = (
				0EE911602C34F3FE0048615F /* JunNote */,
			);
		};
/* End PBXProject section */

/* Begin PBXResourcesBuildPhase section */
		0EE9115F2C34F3FE0048615F /* Resources */ = {
			isa = PBXResourcesBuildPhase;
			buildActionMask = 2147483647;
			files = (
				0EE911712C34F4000048615F /* LaunchScreen.storyboard in Resources */,
				0EE9116E2C34F4000048615F /* Assets.xcassets in Resources */,
			);
			runOnlyForDeploymentPostprocessing = 0;
		};
/* End PBXResourcesBuildPhase section */

/* Begin PBXSourcesBuildPhase section */
		0EE9115D2C34F3FE0048615F /* Sources */ = {
			isa = PBXSourcesBuildPhase;
			buildActionMask = 2147483647;
			files = (
				0EE911692C34F3FE0048615F /* ViewController.swift in Sources */,
				0EE911652C34F3FE0048615F /* AppDelegate.swift in Sources */,
				0EE911672C34F3FE0048615F /* SceneDelegate.swift in Sources */,
				0EE9117C2C34F4380048615F /* HistoryViewController.swift in Sources */,
				0EE9117A2C34F42C0048615F /* Utils+UIColor.swift in Sources */,
			);
			runOnlyForDeploymentPostprocessing = 0;
		};
/* End PBXSourcesBuildPhase section */

/* Begin PBXVariantGroup section */
		0EE9116F2C34F4000048615F /* LaunchScreen.storyboard */ = {
			isa = PBXVariantGroup;
			children = (
				0EE911702C34F4000048615F /* Base */,
			);
			name = LaunchScreen.storyboard;
			sourceTree = "<group>";
		};
/* End PBXVariantGroup section */

/* Begin XCBuildConfiguration section */
		0EE911732C34F4000048615F /* Debug */ = {
			isa = XCBuildConfiguration;
			buildSettings = {
				ALWAYS_SEARCH_USER_PATHS = NO;
				ASSETCATALOG_COMPILER_GENERATE_SWIFT_ASSET_SYMBOL_EXTENSIONS = YES;
				CLANG_ANALYZER_NONNULL = YES;
				CLANG_ANALYZER_NUMBER_OBJECT_CONVERSION = YES_AGGRESSIVE;
				CLANG_CXX_LANGUAGE_STANDARD = "gnu++20";
				CLANG_ENABLE_MODULES = YES;
				CLANG_ENABLE_OBJC_ARC = YES;
				CLANG_ENABLE_OBJC_WEAK = YES;
				CLANG_WARN_BLOCK_CAPTURE_AUTORELEASING = YES;
				CLANG_WARN_BOOL_CONVERSION = YES;
				CLANG_WARN_COMMA = YES;
				CLANG_WARN_CONSTANT_CONVERSION = YES;
				CLANG_WARN_DEPRECATED_OBJC_IMPLEMENTATIONS = YES;
				CLANG_WARN_DIRECT_OBJC_ISA_USAGE = YES_ERROR;
				CLANG_WARN_DOCUMENTATION_COMMENTS = YES;
				CLANG_WARN_EMPTY_BODY = YES;
				CLANG_WARN_ENUM_CONVERSION = YES;
				CLANG_WARN_INFINITE_RECURSION = YES;
				CLANG_WARN_INT_CONVERSION = YES;
				CLANG_WARN_NON_LITERAL_NULL_CONVERSION = YES;
				CLANG_WARN_OBJC_IMPLICIT_RETAIN_SELF = YES;
				CLANG_WARN_OBJC_LITERAL_CONVERSION = YES;
				CLANG_WARN_OBJC_ROOT_CLASS = YES_ERROR;
				CLANG_WARN_QUOTED_INCLUDE_IN_FRAMEWORK_HEADER = YES;
				CLANG_WARN_RANGE_LOOP_ANALYSIS = YES;
				CLANG_WARN_STRICT_PROTOTYPES = YES;
				CLANG_WARN_SUSPICIOUS_MOVE = YES;
				CLANG_WARN_UNGUARDED_AVAILABILITY = YES_AGGRESSIVE;
				CLANG_WARN_UNREACHABLE_CODE = YES;
				CLANG_WARN__DUPLICATE_METHOD_MATCH = YES;
				COPY_PHASE_STRIP = NO;
				DEBUG_INFORMATION_FORMAT = dwarf;
				ENABLE_STRICT_OBJC_MSGSEND = YES;
				ENABLE_TESTABILITY = YES;
				ENABLE_USER_SCRIPT_SANDBOXING = YES;
				GCC_C_LANGUAGE_STANDARD = gnu17;
				GCC_DYNAMIC_NO_PIC = NO;
				GCC_NO_COMMON_BLOCKS = YES;
				GCC_OPTIMIZATION_LEVEL = 0;
				GCC_PREPROCESSOR_DEFINITIONS = (
					"DEBUG=1",
					"$(inherited)",
				);
				GCC_WARN_64_TO_32_BIT_CONVERSION = YES;
				GCC_WARN_ABOUT_RETURN_TYPE = YES_ERROR;
				GCC_WARN_UNDECLARED_SELECTOR = YES;
				GCC_WARN_UNINITIALIZED_AUTOS = YES_AGGRESSIVE;
				GCC_WARN_UNUSED_FUNCTION = YES;
				GCC_WARN_UNUSED_VARIABLE = YES;
				IPHONEOS_DEPLOYMENT_TARGET = 17.0;
				LOCALIZATION_PREFERS_STRING_CATALOGS = YES;
				MTL_ENABLE_DEBUG_INFO = INCLUDE_SOURCE;
				MTL_FAST_MATH = YES;
				ONLY_ACTIVE_ARCH = YES;
				SDKROOT = iphoneos;
				SWIFT_ACTIVE_COMPILATION_CONDITIONS = "DEBUG $(inherited)";
				SWIFT_OPTIMIZATION_LEVEL = "-Onone";
			};
			name = Debug;
		};
		0EE911742C34F4000048615F /* Release */ = {
			isa = XCBuildConfiguration;
			buildSettings = {
				ALWAYS_SEARCH_USER_PATHS = NO;
				ASSETCATALOG_COMPILER_GENERATE_SWIFT_ASSET_SYMBOL_EXTENSIONS = YES;
				CLANG_ANALYZER_NONNULL = YES;
				CLANG_ANALYZER_NUMBER_OBJECT_CONVERSION = YES_AGGRESSIVE;
				CLANG_CXX_LANGUAGE_STANDARD = "gnu++20";
				CLANG_ENABLE_MODULES = YES;
				CLANG_ENABLE_OBJC_ARC = YES;
				CLANG_ENABLE_OBJC_WEAK = YES;
				CLANG_WARN_BLOCK_CAPTURE_AUTORELEASING = YES;
				CLANG_WARN_BOOL_CONVERSION = YES;
				CLANG_WARN_COMMA = YES;
				CLANG_WARN_CONSTANT_CONVERSION = YES;
				CLANG_WARN_DEPRECATED_OBJC_IMPLEMENTATIONS = YES;
				CLANG_WARN_DIRECT_OBJC_ISA_USAGE = YES_ERROR;
				CLANG_WARN_DOCUMENTATION_COMMENTS = YES;
				CLANG_WARN_EMPTY_BODY = YES;
				CLANG_WARN_ENUM_CONVERSION = YES;
				CLANG_WARN_INFINITE_RECURSION = YES;
				CLANG_WARN_INT_CONVERSION = YES;
				CLANG_WARN_NON_LITERAL_NULL_CONVERSION = YES;
				CLANG_WARN_OBJC_IMPLICIT_RETAIN_SELF = YES;
				CLANG_WARN_OBJC_LITERAL_CONVERSION = YES;
				CLANG_WARN_OBJC_ROOT_CLASS = YES_ERROR;
				CLANG_WARN_QUOTED_INCLUDE_IN_FRAMEWORK_HEADER = YES;
				CLANG_WARN_RANGE_LOOP_ANALYSIS = YES;
				CLANG_WARN_STRICT_PROTOTYPES = YES;
				CLANG_WARN_SUSPICIOUS_MOVE = YES;
				CLANG_WARN_UNGUARDED_AVAILABILITY = YES_AGGRESSIVE;
				CLANG_WARN_UNREACHABLE_CODE = YES;
				CLANG_WARN__DUPLICATE_METHOD_MATCH = YES;
				COPY_PHASE_STRIP = NO;
				DEBUG_INFORMATION_FORMAT = "dwarf-with-dsym";
				ENABLE_NS_ASSERTIONS = NO;
				ENABLE_STRICT_OBJC_MSGSEND = YES;
				ENABLE_USER_SCRIPT_SANDBOXING = YES;
				GCC_C_LANGUAGE_STANDARD = gnu17;
				GCC_NO_COMMON_BLOCKS = YES;
				GCC_WARN_64_TO_32_BIT_CONVERSION = YES;
				GCC_WARN_ABOUT_RETURN_TYPE = YES_ERROR;
				GCC_WARN_UNDECLARED_SELECTOR = YES;
				GCC_WARN_UNINITIALIZED_AUTOS = YES_AGGRESSIVE;
				GCC_WARN_UNUSED_FUNCTION = YES;
				GCC_WARN_UNUSED_VARIABLE = YES;
				IPHONEOS_DEPLOYMENT_TARGET = 17.0;
				LOCALIZATION_PREFERS_STRING_CATALOGS = YES;
				MTL_ENABLE_DEBUG_INFO = NO;
				MTL_FAST_MATH = YES;
				SDKROOT = iphoneos;
				SWIFT_COMPILATION_MODE = wholemodule;
				VALIDATE_PRODUCT = YES;
			};
			name = Release;
		};
		0EE911762C34F4000048615F /* Debug */ = {
			isa = XCBuildConfiguration;
			buildSettings = {
				ASSETCATALOG_COMPILER_APPICON_NAME = AppIcon;
				ASSETCATALOG_COMPILER_GLOBAL_ACCENT_COLOR_NAME = AccentColor;
				CODE_SIGN_STYLE = Automatic;
				CURRENT_PROJECT_VERSION = 1;
				DEVELOPMENT_TEAM = 92YDTRVDUA;
				GENERATE_INFOPLIST_FILE = YES;
				INFOPLIST_FILE = JunNote/Info.plist;
				INFOPLIST_KEY_UIApplicationSupportsIndirectInputEvents = YES;
				INFOPLIST_KEY_UILaunchStoryboardName = LaunchScreen;
				INFOPLIST_KEY_UIMainStoryboardFile = "";
				INFOPLIST_KEY_UISupportedInterfaceOrientations_iPad = "UIInterfaceOrientationPortrait UIInterfaceOrientationPortraitUpsideDown UIInterfaceOrientationLandscapeLeft UIInterfaceOrientationLandscapeRight";
				INFOPLIST_KEY_UISupportedInterfaceOrientations_iPhone = "UIInterfaceOrientationPortrait UIInterfaceOrientationLandscapeLeft UIInterfaceOrientationLandscapeRight";
				IPHONEOS_DEPLOYMENT_TARGET = 16.0;
				LD_RUNPATH_SEARCH_PATHS = (
					"$(inherited)",
					"@executable_path/Frameworks",
				);
				MARKETING_VERSION = 1.0;
				PRODUCT_BUNDLE_IDENTIFIER = jjunhaa0211.com.junNote;
				PRODUCT_NAME = "$(TARGET_NAME)";
				SWIFT_EMIT_LOC_STRINGS = YES;
				SWIFT_VERSION = 5.0;
				TARGETED_DEVICE_FAMILY = "1,2";
			};
			name = Debug;
		};
		0EE911772C34F4000048615F /* Release */ = {
			isa = XCBuildConfiguration;
			buildSettings = {
				ASSETCATALOG_COMPILER_APPICON_NAME = AppIcon;
				ASSETCATALOG_COMPILER_GLOBAL_ACCENT_COLOR_NAME = AccentColor;
				CODE_SIGN_STYLE = Automatic;
				CURRENT_PROJECT_VERSION = 1;
				DEVELOPMENT_TEAM = 92YDTRVDUA;
				GENERATE_INFOPLIST_FILE = YES;
				INFOPLIST_FILE = JunNote/Info.plist;
				INFOPLIST_KEY_UIApplicationSupportsIndirectInputEvents = YES;
				INFOPLIST_KEY_UILaunchStoryboardName = LaunchScreen;
				INFOPLIST_KEY_UIMainStoryboardFile = "";
				INFOPLIST_KEY_UISupportedInterfaceOrientations_iPad = "UIInterfaceOrientationPortrait UIInterfaceOrientationPortraitUpsideDown UIInterfaceOrientationLandscapeLeft UIInterfaceOrientationLandscapeRight";
				INFOPLIST_KEY_UISupportedInterfaceOrientations_iPhone = "UIInterfaceOrientationPortrait UIInterfaceOrientationLandscapeLeft UIInterfaceOrientationLandscapeRight";
				IPHONEOS_DEPLOYMENT_TARGET = 16.0;
				LD_RUNPATH_SEARCH_PATHS = (
					"$(inherited)",
					"@executable_path/Frameworks",
				);
				MARKETING_VERSION = 1.0;
				PRODUCT_BUNDLE_IDENTIFIER = jjunhaa0211.com.junNote;
				PRODUCT_NAME = "$(TARGET_NAME)";
				SWIFT_EMIT_LOC_STRINGS = YES;
				SWIFT_VERSION = 5.0;
				TARGETED_DEVICE_FAMILY = "1,2";
			};
			name = Release;
		};
/* End XCBuildConfiguration section */

/* Begin XCConfigurationList section */
		0EE9115C2C34F3FE0048615F /* Build configuration list for PBXProject "JunNote" */ = {
			isa = XCConfigurationList;
			buildConfigurations = (
				0EE911732C34F4000048615F /* Debug */,
				0EE911742C34F4000048615F /* Release */,
			);
			defaultConfigurationIsVisible = 0;
			defaultConfigurationName = Release;
		};
		0EE911752C34F4000048615F /* Build configuration list for PBXNativeTarget "JunNote" */ = {
			isa = XCConfigurationList;
			buildConfigurations = (
				0EE911762C34F4000048615F /* Debug */,
				0EE911772C34F4000048615F /* Release */,
			);
			defaultConfigurationIsVisible = 0;
			defaultConfigurationName = Release;
		};
/* End XCConfigurationList section */

/* Begin XCRemoteSwiftPackageReference section */
		0EE9117D2C34F44E0048615F /* XCRemoteSwiftPackageReference "VisitHistoryWebView" */ = {
			isa = XCRemoteSwiftPackageReference;
			repositoryURL = "https://github.com/jjunhaa0211/VisitHistoryWebView";
			requirement = {
				branch = main;
				kind = branch;
			};
		};
		0EE911802C34F45A0048615F /* XCRemoteSwiftPackageReference "Then" */ = {
			isa = XCRemoteSwiftPackageReference;
			repositoryURL = "https://github.com/devxoul/Then";
			requirement = {
				kind = upToNextMajorVersion;
				minimumVersion = 3.0.0;
			};
		};
		0EE911832C34F4650048615F /* XCRemoteSwiftPackageReference "SnapKit" */ = {
			isa = XCRemoteSwiftPackageReference;
			repositoryURL = "https://github.com/SnapKit/SnapKit";
			requirement = {
				kind = upToNextMajorVersion;
				minimumVersion = 5.7.1;
			};
		};
/* End XCRemoteSwiftPackageReference section */

/* Begin XCSwiftPackageProductDependency section */
		0EE9117E2C34F44F0048615F /* VisitHistoryWebView */ = {
			isa = XCSwiftPackageProductDependency;
			package = 0EE9117D2C34F44E0048615F /* XCRemoteSwiftPackageReference "VisitHistoryWebView" */;
			productName = VisitHistoryWebView;
		};
		0EE911812C34F45A0048615F /* Then */ = {
			isa = XCSwiftPackageProductDependency;
			package = 0EE911802C34F45A0048615F /* XCRemoteSwiftPackageReference "Then" */;
			productName = Then;
		};
		0EE911842C34F4650048615F /* SnapKit */ = {
			isa = XCSwiftPackageProductDependency;
			package = 0EE911832C34F4650048615F /* XCRemoteSwiftPackageReference "SnapKit" */;
			productName = SnapKit;
		};
/* End XCSwiftPackageProductDependency section */
	};
	rootObject = 0EE911592C34F3FE0048615F /* Project object */;
}
